
Microsoft Visual Studio Solution File, Format Version 12.00
# Visual Studio 15
VisualStudioVersion = 15.0.27130.2020
MinimumVisualStudioVersion = 10.0.40219.1
Project("{FAE04EC0-301F-11D3-BF4B-00C04F79EFBC}") = "MyCodeSolution.CommonClassLibrary", "Common\MyCodeSolution.CommonClassLibrary\MyCodeSolution.CommonClassLibrary.csproj", "{80858851-9426-4CC4-97E6-5CCBDFB12262}"
EndProject
Project("{FAE04EC0-301F-11D3-BF4B-00C04F79EFBC}") = "MyCodeSolution.PictureProcessing", "MyCodeSolution.PictureProcessing\MyCodeSolution.PictureProcessing.csproj", "{8F66E40D-4695-42AE-A501-7E914AE46F2A}"
EndProject
Project("{FAE04EC0-301F-11D3-BF4B-00C04F79EFBC}") = "MyCodeSolution.Echarts", "MyCodeSolution.Echarts\MyCodeSolution.Echarts.csproj", "{80FDE8BB-E5C2-4921-95F7-B7E75C583224}"
EndProject
Project("{FAE04EC0-301F-11D3-BF4B-00C04F79EFBC}") = "MyCodeSolution.HTML5", "MyCodeSolution.HTML5\MyCodeSolution.HTML5.csproj", "{A8454A21-0B54-4492-AA16-A8FA95970BFC}"
EndProject
Project("{FAE04EC0-301F-11D3-BF4B-00C04F79EFBC}") = "MyCodeSolution.Javascript", "MyCodeSolution.Javascript\MyCodeSolution.Javascript.csproj", "{A34AA842-C91A-4AFA-A33C-32F4EB675CF2}"
EndProject
Global
	GlobalSection(SolutionConfigurationPlatforms) = preSolution
		Debug|Any CPU = Debug|Any CPU
		Release|Any CPU = Release|Any CPU
	EndGlobalSection
	GlobalSection(ProjectConfigurationPlatforms) = postSolution
		{80858851-9426-4CC4-97E6-5CCBDFB12262}.Debug|Any CPU.ActiveCfg = Debug|Any CPU
		{80858851-9426-4CC4-97E6-5CCBDFB12262}.Debug|Any CPU.Build.0 = Debug|Any CPU
		{80858851-9426-4CC4-97E6-5CCBDFB12262}.Release|Any CPU.ActiveCfg = Release|Any CPU
		{80858851-9426-4CC4-97E6-5CCBDFB12262}.Release|Any CPU.Build.0 = Release|Any CPU
		{8F66E40D-4695-42AE-A501-7E914AE46F2A}.Debug|Any CPU.ActiveCfg = Debug|Any CPU
		{8F66E40D-4695-42AE-A501-7E914AE46F2A}.Debug|Any CPU.Build.0 = Debug|Any CPU
		{8F66E40D-4695-42AE-A501-7E914AE46F2A}.Release|Any CPU.ActiveCfg = Release|Any CPU
		{8F66E40D-4695-42AE-A501-7E914AE46F2A}.Release|Any CPU.Build.0 = Release|Any CPU
		{80FDE8BB-E5C2-4921-95F7-B7E75C583224}.Debug|Any CPU.ActiveCfg = Debug|Any CPU
		{80FDE8BB-E5C2-4921-95F7-B7E75C583224}.Debug|Any CPU.Build.0 = Debug|Any CPU
		{80FDE8BB-E5C2-4921-95F7-B7E75C583224}.Release|Any CPU.ActiveCfg = Release|Any CPU
		{80FDE8BB-E5C2-4921-95F7-B7E75C583224}.Release|Any CPU.Build.0 = Release|Any CPU
		{A8454A21-0B54-4492-AA16-A8FA95970BFC}.Debug|Any CPU.ActiveCfg = Debug|Any CPU
		{A8454A21-0B54-4492-AA16-A8FA95970BFC}.Debug|Any CPU.Build.0 = Debug|Any CPU
		{A8454A21-0B54-4492-AA16-A8FA95970BFC}.Release|Any CPU.ActiveCfg = Release|Any CPU
		{A8454A21-0B54-4492-AA16-A8FA95970BFC}.Release|Any CPU.Build.0 = Release|Any CPU
		{A34AA842-C91A-4AFA-A33C-32F4EB675CF2}.Debug|Any CPU.ActiveCfg = Debug|Any CPU
		{A34AA842-C91A-4AFA-A33C-32F4EB675CF2}.Debug|Any CPU.Build.0 = Debug|Any CPU
		{A34AA842-C91A-4AFA-A33C-32F4EB675CF2}.Release|Any CPU.ActiveCfg = Release|Any CPU
		{A34AA842-C91A-4AFA-A33C-32F4EB675CF2}.Release|Any CPU.Build.0 = Release|Any CPU
	EndGlobalSection
	GlobalSection(SolutionProperties) = preSolution
		HideSolutionNode = FALSE
	EndGlobalSection
	GlobalSection(ExtensibilityGlobals) = postSolution
		SolutionGuid = {B314F961-B1C8-48B3-978A-C5B48C76B2D9}
	EndGlobalSection
EndGlobal
